
Microsoft Visual Studio Solution File, Format Version 12.00
# Visual Studio Version 16
VisualStudioVersion = 16.0.29020.237
MinimumVisualStudioVersion = 10.0.40219.1
Project("{FAE04EC0-301F-11D3-BF4B-00C04F79EFBC}") = "CustomListNew", "CustomListNew\CustomListNew.csproj", "{52C303B5-0AA8-4DE2-ADC0-F1930F1227B3}"
EndProject
Global
	GlobalSection(SolutionConfigurationPlatforms) = preSolution
		Debug|Any CPU = Debug|Any CPU
		Release|Any CPU = Release|Any CPU
	EndGlobalSection
	GlobalSection(ProjectConfigurationPlatforms) = postSolution
		{52C303B5-0AA8-4DE2-ADC0-F1930F1227B3}.Debug|Any CPU.ActiveCfg = Debug|Any CPU
		{52C303B5-0AA8-4DE2-ADC0-F1930F1227B3}.Debug|Any CPU.Build.0 = Debug|Any CPU
		{52C303B5-0AA8-4DE2-ADC0-F1930F1227B3}.Release|Any CPU.ActiveCfg = Release|Any CPU
		{52C303B5-0AA8-4DE2-ADC0-F1930F1227B3}.Release|Any CPU.Build.0 = Release|Any CPU
	EndGlobalSection
	GlobalSection(SolutionProperties) = preSolution
		HideSolutionNode = FALSE
	EndGlobalSection
	GlobalSection(ExtensibilityGlobals) = postSolution
		SolutionGuid = {17162460-5676-44D7-8364-98B8875256C9}
	EndGlobalSection
EndGlobal
